
Microsoft Visual Studio Solution File, Format Version 12.00
# Visual Studio 15
Project("{2150E333-8FDC-42A3-9474-1A3956D46DE8}") = "Domain", "Domain", "{D17EC05B-FBDA-48E3-9B2F-2416C9D808BE}"
EndProject
Project("{2150E333-8FDC-42A3-9474-1A3956D46DE8}") = "Infra.Bus", "Infra.Bus", "{7E45144E-E3FC-427D-842A-F1F89F892E14}"
EndProject
Project("{2150E333-8FDC-42A3-9474-1A3956D46DE8}") = "Infra.IOC", "Infra.IOC", "{5D8330B1-C6DD-430D-979C-C7E20A4EAF6B}"
EndProject
Project("{2150E333-8FDC-42A3-9474-1A3956D46DE8}") = "MicroServices", "MicroServices", "{2B081431-8AC9-4225-A2FB-78EA3EBA3944}"
EndProject
Project("{2150E333-8FDC-42A3-9474-1A3956D46DE8}") = "Presentation", "Presentation", "{B3FA030F-80D8-4224-9B2B-2CAC803D6AA1}"
EndProject
Project("{FAE04EC0-301F-11D3-BF4B-00C04F79EFBC}") = "MicroRabbit.Domain.Core", "MicroRabbit.Domain.Core\MicroRabbit.Domain.Core.csproj", "{6F26FB7C-477D-439F-AB35-42A7E1CC7C9C}"
EndProject
Project("{FAE04EC0-301F-11D3-BF4B-00C04F79EFBC}") = "MicroRabbit.Infra.Bus", "MicroRabbit.Infra.Bus\MicroRabbit.Infra.Bus.csproj", "{4C96F000-98AA-4A7C-A441-8BB2BD5DA477}"
EndProject
Project("{FAE04EC0-301F-11D3-BF4B-00C04F79EFBC}") = "MicroRabbit.Infra.IOC", "MicroRabbit.Infra.IOC\MicroRabbit.Infra.IOC.csproj", "{8B031CBE-3984-400E-8401-5252A79F188B}"
EndProject
Project("{2150E333-8FDC-42A3-9474-1A3956D46DE8}") = "Banking", "Banking", "{134745BA-DCBF-4FD9-B3CE-F515D7FE630B}"
EndProject
Project("{2150E333-8FDC-42A3-9474-1A3956D46DE8}") = "Domain", "Domain", "{86A0FB4F-A5E3-49CA-A145-7B313CB03ED7}"
EndProject
Project("{2150E333-8FDC-42A3-9474-1A3956D46DE8}") = "Application", "Application", "{9B222952-E10E-48AA-AD47-7A902875098F}"
EndProject
Project("{2150E333-8FDC-42A3-9474-1A3956D46DE8}") = "Data", "Data", "{B124DEB3-B506-4CE1-AE2B-6E180C5116F7}"
EndProject
Project("{2150E333-8FDC-42A3-9474-1A3956D46DE8}") = "Api", "Api", "{BC0ACAED-F0E1-4A41-AF1B-0E72177C8AD2}"
EndProject
Project("{FAE04EC0-301F-11D3-BF4B-00C04F79EFBC}") = "MicroRabbit.Banking.Api", "MicroRabbit.Banking.Api\MicroRabbit.Banking.Api.csproj", "{E6BB9EEE-6F89-4C40-A3FB-7E6D4D46D6A3}"
EndProject
Project("{FAE04EC0-301F-11D3-BF4B-00C04F79EFBC}") = "MicroRabbit.Banking.Application", "MicroRabbit.Banking.Application\MicroRabbit.Banking.Application.csproj", "{074F61F0-81AA-4B2F-AF2F-518F34EF366D}"
EndProject
Project("{FAE04EC0-301F-11D3-BF4B-00C04F79EFBC}") = "MicroRabbit.Banking.Data", "MicroRabbit.Banking.Data\MicroRabbit.Banking.Data.csproj", "{B5902B51-1AA7-47C5-BE78-9DFA13817FD9}"
EndProject
Project("{FAE04EC0-301F-11D3-BF4B-00C04F79EFBC}") = "MicroRabbit.Banking.Domain", "MicroRabbit.Banking.Domain\MicroRabbit.Banking.Domain.csproj", "{CA00C977-FF08-4455-9DCD-F2D12242B430}"
EndProject
Global
	GlobalSection(SolutionConfigurationPlatforms) = preSolution
		Debug|Any CPU = Debug|Any CPU
		Release|Any CPU = Release|Any CPU
	EndGlobalSection
	GlobalSection(ProjectConfigurationPlatforms) = postSolution
		{6F26FB7C-477D-439F-AB35-42A7E1CC7C9C}.Debug|Any CPU.ActiveCfg = Debug|Any CPU
		{6F26FB7C-477D-439F-AB35-42A7E1CC7C9C}.Debug|Any CPU.Build.0 = Debug|Any CPU
		{6F26FB7C-477D-439F-AB35-42A7E1CC7C9C}.Release|Any CPU.ActiveCfg = Release|Any CPU
		{6F26FB7C-477D-439F-AB35-42A7E1CC7C9C}.Release|Any CPU.Build.0 = Release|Any CPU
		{4C96F000-98AA-4A7C-A441-8BB2BD5DA477}.Debug|Any CPU.ActiveCfg = Debug|Any CPU
		{4C96F000-98AA-4A7C-A441-8BB2BD5DA477}.Debug|Any CPU.Build.0 = Debug|Any CPU
		{4C96F000-98AA-4A7C-A441-8BB2BD5DA477}.Release|Any CPU.ActiveCfg = Release|Any CPU
		{4C96F000-98AA-4A7C-A441-8BB2BD5DA477}.Release|Any CPU.Build.0 = Release|Any CPU
		{8B031CBE-3984-400E-8401-5252A79F188B}.Debug|Any CPU.ActiveCfg = Debug|Any CPU
		{8B031CBE-3984-400E-8401-5252A79F188B}.Debug|Any CPU.Build.0 = Debug|Any CPU
		{8B031CBE-3984-400E-8401-5252A79F188B}.Release|Any CPU.ActiveCfg = Release|Any CPU
		{8B031CBE-3984-400E-8401-5252A79F188B}.Release|Any CPU.Build.0 = Release|Any CPU
		{E6BB9EEE-6F89-4C40-A3FB-7E6D4D46D6A3}.Debug|Any CPU.ActiveCfg = Debug|Any CPU
		{E6BB9EEE-6F89-4C40-A3FB-7E6D4D46D6A3}.Debug|Any CPU.Build.0 = Debug|Any CPU
		{E6BB9EEE-6F89-4C40-A3FB-7E6D4D46D6A3}.Release|Any CPU.ActiveCfg = Release|Any CPU
		{E6BB9EEE-6F89-4C40-A3FB-7E6D4D46D6A3}.Release|Any CPU.Build.0 = Release|Any CPU
		{074F61F0-81AA-4B2F-AF2F-518F34EF366D}.Debug|Any CPU.ActiveCfg = Debug|Any CPU
		{074F61F0-81AA-4B2F-AF2F-518F34EF366D}.Debug|Any CPU.Build.0 = Debug|Any CPU
		{074F61F0-81AA-4B2F-AF2F-518F34EF366D}.Release|Any CPU.ActiveCfg = Release|Any CPU
		{074F61F0-81AA-4B2F-AF2F-518F34EF366D}.Release|Any CPU.Build.0 = Release|Any CPU
		{B5902B51-1AA7-47C5-BE78-9DFA13817FD9}.Debug|Any CPU.ActiveCfg = Debug|Any CPU
		{B5902B51-1AA7-47C5-BE78-9DFA13817FD9}.Debug|Any CPU.Build.0 = Debug|Any CPU
		{B5902B51-1AA7-47C5-BE78-9DFA13817FD9}.Release|Any CPU.ActiveCfg = Release|Any CPU
		{B5902B51-1AA7-47C5-BE78-9DFA13817FD9}.Release|Any CPU.Build.0 = Release|Any CPU
		{CA00C977-FF08-4455-9DCD-F2D12242B430}.Debug|Any CPU.ActiveCfg = Debug|Any CPU
		{CA00C977-FF08-4455-9DCD-F2D12242B430}.Debug|Any CPU.Build.0 = Debug|Any CPU
		{CA00C977-FF08-4455-9DCD-F2D12242B430}.Release|Any CPU.ActiveCfg = Release|Any CPU
		{CA00C977-FF08-4455-9DCD-F2D12242B430}.Release|Any CPU.Build.0 = Release|Any CPU
	EndGlobalSection
	GlobalSection(NestedProjects) = preSolution
		{6F26FB7C-477D-439F-AB35-42A7E1CC7C9C} = {D17EC05B-FBDA-48E3-9B2F-2416C9D808BE}
		{4C96F000-98AA-4A7C-A441-8BB2BD5DA477} = {7E45144E-E3FC-427D-842A-F1F89F892E14}
		{8B031CBE-3984-400E-8401-5252A79F188B} = {5D8330B1-C6DD-430D-979C-C7E20A4EAF6B}
		{134745BA-DCBF-4FD9-B3CE-F515D7FE630B} = {2B081431-8AC9-4225-A2FB-78EA3EBA3944}
		{86A0FB4F-A5E3-49CA-A145-7B313CB03ED7} = {134745BA-DCBF-4FD9-B3CE-F515D7FE630B}
		{9B222952-E10E-48AA-AD47-7A902875098F} = {134745BA-DCBF-4FD9-B3CE-F515D7FE630B}
		{B124DEB3-B506-4CE1-AE2B-6E180C5116F7} = {134745BA-DCBF-4FD9-B3CE-F515D7FE630B}
		{BC0ACAED-F0E1-4A41-AF1B-0E72177C8AD2} = {134745BA-DCBF-4FD9-B3CE-F515D7FE630B}
		{E6BB9EEE-6F89-4C40-A3FB-7E6D4D46D6A3} = {BC0ACAED-F0E1-4A41-AF1B-0E72177C8AD2}
		{074F61F0-81AA-4B2F-AF2F-518F34EF366D} = {9B222952-E10E-48AA-AD47-7A902875098F}
		{B5902B51-1AA7-47C5-BE78-9DFA13817FD9} = {B124DEB3-B506-4CE1-AE2B-6E180C5116F7}
		{CA00C977-FF08-4455-9DCD-F2D12242B430} = {86A0FB4F-A5E3-49CA-A145-7B313CB03ED7}
	EndGlobalSection
EndGlobal
